
Microsoft Visual Studio Solution File, Format Version 12.00
# Visual Studio Version 17
VisualStudioVersion = 17.7.34221.43
MinimumVisualStudioVersion = 10.0.40219.1
Project("{FAE04EC0-301F-11D3-BF4B-00C04F79EFBC}") = "MyEncripter", "MyEncripter.csproj", "{255F167D-B2EA-45BB-8D99-14CF31DB3DB1}"
EndProject
Global
	GlobalSection(SolutionConfigurationPlatforms) = preSolution
		Debug|Any CPU = Debug|Any CPU
		Release|Any CPU = Release|Any CPU
	EndGlobalSection
	GlobalSection(ProjectConfigurationPlatforms) = postSolution
		{255F167D-B2EA-45BB-8D99-14CF31DB3DB1}.Debug|Any CPU.ActiveCfg = Debug|Any CPU
		{255F167D-B2EA-45BB-8D99-14CF31DB3DB1}.Debug|Any CPU.Build.0 = Debug|Any CPU
		{255F167D-B2EA-45BB-8D99-14CF31DB3DB1}.Release|Any CPU.ActiveCfg = Release|Any CPU
		{255F167D-B2EA-45BB-8D99-14CF31DB3DB1}.Release|Any CPU.Build.0 = Release|Any CPU
	EndGlobalSection
	GlobalSection(SolutionProperties) = preSolution
		HideSolutionNode = FALSE
	EndGlobalSection
	GlobalSection(ExtensibilityGlobals) = postSolution
		SolutionGuid = {ACECF2A4-13F0-420C-A662-BF8AFDF8D2AE}
	EndGlobalSection
EndGlobal
